
Microsoft Visual Studio Solution File, Format Version 12.00
# Visual Studio Version 16
VisualStudioVersion = 16.0.29609.76
MinimumVisualStudioVersion = 10.0.40219.1
Project("{9A19103F-16F7-4668-BE54-9A1E7A4F7556}") = "Dio.Series.Application", "src\Dio.Series.Application\Dio.Series.Application.csproj", "{9F1CCC75-959D-408F-903C-17D541F4807C}"
EndProject
Project("{9A19103F-16F7-4668-BE54-9A1E7A4F7556}") = "Dio.Series.Core", "src\Dio.Series.Core\Dio.Series.Core.csproj", "{8E4285D9-2229-4E00-BE70-F72FAC84376A}"
EndProject
Project("{FAE04EC0-301F-11D3-BF4B-00C04F79EFBC}") = "Dio.Series.Data", "src\Dio.Series.Data\Dio.Series.Data.csproj", "{6E89FA91-4059-4AED-B190-23B802A90119}"
EndProject
Global
	GlobalSection(SolutionConfigurationPlatforms) = preSolution
		Debug|Any CPU = Debug|Any CPU
		Release|Any CPU = Release|Any CPU
	EndGlobalSection
	GlobalSection(ProjectConfigurationPlatforms) = postSolution
		{9F1CCC75-959D-408F-903C-17D541F4807C}.Debug|Any CPU.ActiveCfg = Debug|Any CPU
		{9F1CCC75-959D-408F-903C-17D541F4807C}.Debug|Any CPU.Build.0 = Debug|Any CPU
		{9F1CCC75-959D-408F-903C-17D541F4807C}.Release|Any CPU.ActiveCfg = Release|Any CPU
		{9F1CCC75-959D-408F-903C-17D541F4807C}.Release|Any CPU.Build.0 = Release|Any CPU
		{8E4285D9-2229-4E00-BE70-F72FAC84376A}.Debug|Any CPU.ActiveCfg = Debug|Any CPU
		{8E4285D9-2229-4E00-BE70-F72FAC84376A}.Debug|Any CPU.Build.0 = Debug|Any CPU
		{8E4285D9-2229-4E00-BE70-F72FAC84376A}.Release|Any CPU.ActiveCfg = Release|Any CPU
		{8E4285D9-2229-4E00-BE70-F72FAC84376A}.Release|Any CPU.Build.0 = Release|Any CPU
		{6E89FA91-4059-4AED-B190-23B802A90119}.Debug|Any CPU.ActiveCfg = Debug|Any CPU
		{6E89FA91-4059-4AED-B190-23B802A90119}.Debug|Any CPU.Build.0 = Debug|Any CPU
		{6E89FA91-4059-4AED-B190-23B802A90119}.Release|Any CPU.ActiveCfg = Release|Any CPU
		{6E89FA91-4059-4AED-B190-23B802A90119}.Release|Any CPU.Build.0 = Release|Any CPU
	EndGlobalSection
	GlobalSection(SolutionProperties) = preSolution
		HideSolutionNode = FALSE
	EndGlobalSection
	GlobalSection(ExtensibilityGlobals) = postSolution
		SolutionGuid = {38CE66FF-5E73-427A-977D-003FBCF6C166}
	EndGlobalSection
EndGlobal
